lockfile_version: '1'
generated_at: '2026-07-11T05:56:33.280931+00:00'
apm_version: 0.24.0
dependencies:
- repo_url: AlexW00/apm
  name: design-eng
  host: github.com
  resolved_commit: f06e9b273ab1eda3d20ab93bf3888f605ef69f58
  version: 0.1.0
  virtual_path: packages/design-eng
  is_virtual: true
  package_type: apm_package
  content_hash: sha256:8856286cd01a3d03b583393cc5df49e7e81cd316f4ab55f88626958fa1189541
  declared_license: MIT
- repo_url: AlexW00/apm
  name: ios-core
  host: github.com
  resolved_commit: f06e9b273ab1eda3d20ab93bf3888f605ef69f58
  version: 0.1.0
  virtual_path: packages/ios-core
  is_virtual: true
  package_type: apm_package
  deployed_files:
  - .claude/skills/metal-motion-effects
  - .claude/skills/metal-motion-effects/SKILL.md
  - .claude/skills/msl-techniques
  - .claude/skills/msl-techniques/SKILL.md
  - .claude/skills/swiftui-metal-shaders
  - .claude/skills/swiftui-metal-shaders/SKILL.md
  deployed_file_hashes:
    .claude/skills/metal-motion-effects/SKILL.md: sha256:44b5544cdae609038b46b1be75a9321ebf60e19a9ba0a3164c256c299430b3a2
    .claude/skills/msl-techniques/SKILL.md: sha256:29d8cf49cfaaafe0303e2de7c947d6e768916f2cd297f0f9f634621948016eeb
    .claude/skills/swiftui-metal-shaders/SKILL.md: sha256:a7cf99610e92296242f6c92295d67b632214766bb0fed1ef6fe6d8e32e45827a
  content_hash: sha256:fb2ec9c952908ae67d83633d68a3985fcccd1663bec30098d10eee142091f119
  declared_license: MIT
- repo_url: AlexW00/apm
  name: ios-ship
  host: github.com
  resolved_commit: f06e9b273ab1eda3d20ab93bf3888f605ef69f58
  version: 0.1.0
  virtual_path: packages/ios-ship
  is_virtual: true
  package_type: apm_package
  content_hash: sha256:6f071834640fe3d76b33ce022dce6d45d4d5835e3a1b4daa84aa5ab5b340a98c
  declared_license: MIT
- repo_url: affaan-m/everything-claude-code
  name: everything-claude-code
  host: github.com
  resolved_commit: 40927950c49f6e742d341e20ff7b9b7e1e7bfff5
  resolved_ref: 40927950c49f6e742d341e20ff7b9b7e1e7bfff5
  version: unknown
  virtual_path: skills/liquid-glass-design
  is_virtual: true
  depth: 2
  resolved_by: AlexW00/apm
  package_type: claude_skill
  deployed_files:
  - .claude/skills/liquid-glass-design
  - .claude/skills/liquid-glass-design/SKILL.md
  deployed_file_hashes:
    .claude/skills/liquid-glass-design/SKILL.md: sha256:024aa207eb3d4d31d868954a7352a40b78c61f2fd007ab8b452afb6217070f84
  content_hash: sha256:cdd47ce273b84d1e630aa6ea8086baa9b4affd9f881b3f95a7b25334b67a1dc5
- repo_url: dpearson2699/swift-ios-skills
  name: swift-ios-skills
  host: github.com
  resolved_commit: a17a5b39d6cf4644a61862077679ebb015186400
  resolved_ref: a17a5b39d6cf4644a61862077679ebb015186400
  version: unknown
  virtual_path: skills/widgetkit
  is_virtual: true
  depth: 2
  resolved_by: AlexW00/apm
  package_type: claude_skill
  deployed_files:
  - .claude/skills/widgetkit
  - .claude/skills/widgetkit/SKILL.md
  - .claude/skills/widgetkit/evals/evals.json
  - .claude/skills/widgetkit/references/widgetkit-advanced.md
  deployed_file_hashes:
    .claude/skills/widgetkit/SKILL.md: sha256:7cc05e8f31db26f9a38e12e6c71f441d3a98f87f5f95485217931d293e11eaf2
    .claude/skills/widgetkit/evals/evals.json: sha256:f774ae36d263b560ff89d0c2b30f672a2a0ad09ca714cb3f39981c75d96fbfea
    .claude/skills/widgetkit/references/widgetkit-advanced.md: sha256:ed93f51020e6b3b7ad9c09da4decb640285dd6bebb6e67fd66634eb3fb1b8743
  content_hash: sha256:001b28f00e0d314f339f8c1e80db02d7dd3a1d4dbb9fbf0f8ef47681bcb495dd
- repo_url: emilkowalski/skills
  name: skills
  host: github.com
  resolved_commit: 220e8607c90b17337d210125777b7b695f26c221
  resolved_ref: 220e8607c90b17337d210125777b7b695f26c221
  version: unknown
  depth: 2
  resolved_by: AlexW00/apm
  package_type: skill_bundle
  deployed_files:
  - .claude/skills/animation-vocabulary
  - .claude/skills/animation-vocabulary/SKILL.md
  - .claude/skills/apple-design
  - .claude/skills/apple-design/SKILL.md
  - .claude/skills/emil-design-eng
  - .claude/skills/emil-design-eng/SKILL.md
  - .claude/skills/review-animations
  - .claude/skills/review-animations/SKILL.md
  - .claude/skills/review-animations/STANDARDS.md
  deployed_file_hashes:
    .claude/skills/animation-vocabulary/SKILL.md: sha256:d718b48fe3c7898804d588f050a2e266d82c9f5ef51da256c8cb8b5951527757
    .claude/skills/apple-design/SKILL.md: sha256:11840b24a11d7f94f39c6aaab074750ae4e4de4ef54ee4b1dd97e16ebd485e61
    .claude/skills/emil-design-eng/SKILL.md: sha256:433b5a239cda18e0576e4e558532e7e53512e21fafe5b85db4894c28ec399b72
    .claude/skills/review-animations/SKILL.md: sha256:da7ffae44f21bc8c5104567256f6c66e5dac69fd7118db639ee3d30e0f9d6ba9
    .claude/skills/review-animations/STANDARDS.md: sha256:72b1235ea4d7cf64123719d569c0726129b3772713d480369c28f6a5f9f7278c
  content_hash: sha256:5181533e95f02c8e696da8bcd5f5fcc2b28610afd2458ece78e76aeaaf2a24af
- repo_url: github/awesome-copilot
  name: awesome-copilot
  host: github.com
  resolved_commit: 30472ecf0fe34cc561df958c08501ecc5ca80ea4
  resolved_ref: 30472ecf0fe34cc561df958c08501ecc5ca80ea4
  version: unknown
  virtual_path: skills/apple-appstore-reviewer
  is_virtual: true
  depth: 2
  resolved_by: AlexW00/apm
  package_type: claude_skill
  deployed_files:
  - .claude/skills/apple-appstore-reviewer
  - .claude/skills/apple-appstore-reviewer/SKILL.md
  deployed_file_hashes:
    .claude/skills/apple-appstore-reviewer/SKILL.md: sha256:8e24825ff85137d497119bff6c2b91ce37238cad67493e44af7c5ca95b4e4058
  content_hash: sha256:848a1946f838e1b36f4af8b65caeea9e5bfa486d6059325520bb6124c05b0526
- repo_url: rorkai/app-store-connect-cli-skills
  name: app-store-connect-cli-skills
  host: github.com
  resolved_commit: 0886ecb04f7a0af1050d809b4bc031b67a50657b
  resolved_ref: 0886ecb04f7a0af1050d809b4bc031b67a50657b
  version: unknown
  depth: 2
  resolved_by: AlexW00/apm
  package_type: skill_bundle
  deployed_files:
  - .claude/skills/asc-app-create-ui
  - .claude/skills/asc-app-create-ui/SKILL.md
  - .claude/skills/asc-apple-ads
  - .claude/skills/asc-apple-ads/SKILL.md
  - .claude/skills/asc-aso-audit
  - .claude/skills/asc-aso-audit/SKILL.md
  - .claude/skills/asc-aso-audit/references/aso_rules.md
  - .claude/skills/asc-build-lifecycle
  - .claude/skills/asc-build-lifecycle/SKILL.md
  - .claude/skills/asc-cli-usage
  - .claude/skills/asc-cli-usage/SKILL.md
  - .claude/skills/asc-crash-triage
  - .claude/skills/asc-crash-triage/SKILL.md
  - .claude/skills/asc-id-resolver
  - .claude/skills/asc-id-resolver/SKILL.md
  - .claude/skills/asc-localize-metadata
  - .claude/skills/asc-localize-metadata/SKILL.md
  - .claude/skills/asc-metadata-sync
  - .claude/skills/asc-metadata-sync/SKILL.md
  - .claude/skills/asc-notarization
  - .claude/skills/asc-notarization/SKILL.md
  - .claude/skills/asc-ppp-pricing
  - .claude/skills/asc-ppp-pricing/SKILL.md
  - .claude/skills/asc-release-flow
  - .claude/skills/asc-release-flow/SKILL.md
  - .claude/skills/asc-revenuecat-catalog-sync
  - .claude/skills/asc-revenuecat-catalog-sync/SKILL.md
  - .claude/skills/asc-revenuecat-catalog-sync/examples.md
  - .claude/skills/asc-revenuecat-catalog-sync/references.md
  - .claude/skills/asc-screenshot-resize
  - .claude/skills/asc-screenshot-resize/SKILL.md
  - .claude/skills/asc-shots-pipeline
  - .claude/skills/asc-shots-pipeline/SKILL.md
  - .claude/skills/asc-signing-setup
  - .claude/skills/asc-signing-setup/SKILL.md
  - .claude/skills/asc-submission-health
  - .claude/skills/asc-submission-health/SKILL.md
  - .claude/skills/asc-subscription-localization
  - .claude/skills/asc-subscription-localization/SKILL.md
  - .claude/skills/asc-testflight-orchestration
  - .claude/skills/asc-testflight-orchestration/SKILL.md
  - .claude/skills/asc-wall-submit
  - .claude/skills/asc-wall-submit/SKILL.md
  - .claude/skills/asc-whats-new-writer
  - .claude/skills/asc-whats-new-writer/SKILL.md
  - .claude/skills/asc-whats-new-writer/references/release_notes_guidelines.md
  - .claude/skills/asc-workflow
  - .claude/skills/asc-workflow/SKILL.md
  - .claude/skills/asc-xcode-build
  - .claude/skills/asc-xcode-build/SKILL.md
  deployed_file_hashes:
    .claude/skills/asc-app-create-ui/SKILL.md: sha256:349eb247254ed0c5f0035f54d587faf98ec8eb56fa5eaa7ae01a0f9923d88c04
    .claude/skills/asc-apple-ads/SKILL.md: sha256:71e8cfbcb226f1747e9ca8be0e6da7a3d0de23db03b0150a8ecabc8aa7db28b2
    .claude/skills/asc-aso-audit/SKILL.md: sha256:aed35d55438f4d0982c961bbe10265cf5a57a505e804143b157fa21142215f65
    .claude/skills/asc-aso-audit/references/aso_rules.md: sha256:b6dd2e68e8e96e1cc4fb25dc490e68dee8d87bf5a9562571e96846fdf1fbe60d
    .claude/skills/asc-build-lifecycle/SKILL.md: sha256:d82fc9d18980202d34b0ed26a40bca61d61e4ebb1df2d4036905fb27c4f1a4dd
    .claude/skills/asc-cli-usage/SKILL.md: sha256:a5f018ccbd2833d361274046d3735865d6eb2ff693b1d11520fdc55a2cae66fc
    .claude/skills/asc-crash-triage/SKILL.md: sha256:3553b13b4c073acd867f1543d8c85ad0cd4d0a7dfbd82382f81a5df3366c5c06
    .claude/skills/asc-id-resolver/SKILL.md: sha256:2057597ec95983ba16d47997579204dd5b37fba8868cc9d72b790192b5b3f86d
    .claude/skills/asc-localize-metadata/SKILL.md: sha256:002f4bfbcbd4b77e0b5ead0c29526261e74e2b0a6b7f2a06994acaadf20651c8
    .claude/skills/asc-metadata-sync/SKILL.md: sha256:511e7373cd816c0421b53ecf2efa9d49085f39859820f1d1c44878d1c1227646
    .claude/skills/asc-notarization/SKILL.md: sha256:e719161403467be2990421519ae7934b28458f5cd055443d3e0ef8f1bd83e043
    .claude/skills/asc-ppp-pricing/SKILL.md: sha256:968ee23f141f9a560f5183c49f37451bb878f9065105c8f5c4a40fd36b18ea4b
    .claude/skills/asc-release-flow/SKILL.md: sha256:4bd58d1a2b4784a1e0fa922226365f82130aa115ef25e7420233a368038fc7ce
    .claude/skills/asc-revenuecat-catalog-sync/SKILL.md: sha256:86189201f4f861601fb5af89f3ef596f133d0fc7ce8efc19d07474ef988cb359
    .claude/skills/asc-revenuecat-catalog-sync/examples.md: sha256:a2ab7fd2988dbaee1065f53f345d6f8934cd4ccf44b195f5ff23628eebcf48ad
    .claude/skills/asc-revenuecat-catalog-sync/references.md: sha256:65e3a19da5381583145d6eb9ef721cd39a7a9a2fb6b92372ee143f3886a67ee9
    .claude/skills/asc-screenshot-resize/SKILL.md: sha256:311b549c07d90ef5d0710217fb1936370714250e8edf7e1c74c76156e6a19637
    .claude/skills/asc-shots-pipeline/SKILL.md: sha256:ed7f604c45e2fa0ecde71a1a79a5e711a09de740190c420bd19fcddf21f02deb
    .claude/skills/asc-signing-setup/SKILL.md: sha256:0612701f52f3779f771b7b0fd43ca2086ab72d48713df89ee209583d1913aa39
    .claude/skills/asc-submission-health/SKILL.md: sha256:88f874f41185a010e1945231f2eb7b56a2de91aaea9d8b6c3f79297f8a223e0f
    .claude/skills/asc-subscription-localization/SKILL.md: sha256:3e95420ede01f49e63a1a5e6ac34bae531066d300c7634f867209668ad27a816
    .claude/skills/asc-testflight-orchestration/SKILL.md: sha256:94e473daa89c207b2546c0463d88c1c52354c88b4fecea399658c450c659a261
    .claude/skills/asc-wall-submit/SKILL.md: sha256:d19bfaff35f88b516ee90a4a6a1f645d0255c6192578d0c3fdb05a6227efe999
    .claude/skills/asc-whats-new-writer/SKILL.md: sha256:592c33a56caf79e60598f48c01be1bac2d4ef57fb9148805993c44383ea8e78d
    .claude/skills/asc-whats-new-writer/references/release_notes_guidelines.md: sha256:b4a33667d0745b9f7b9539a07673327d57582a2fefee098881b722538ed2902f
    .claude/skills/asc-workflow/SKILL.md: sha256:e3f208aa372f6f53a2a9387ed889cd989be518913881291a062fe8cae6af7d4f
    .claude/skills/asc-xcode-build/SKILL.md: sha256:a87a74a3fcd5e0e20500909c1d753631e32fcef682c8282e17e57d487dbc708a
  content_hash: sha256:4a2efed276aa520550facd334c7ae721ec2d06744a38881a2a1e0439adb66eed
- repo_url: twostraws/swift-concurrency-agent-skill
  name: swift-concurrency-pro
  host: github.com
  resolved_commit: bee3f69ba17142da148d3c5406f148ed62592b69
  resolved_ref: bee3f69ba17142da148d3c5406f148ed62592b69
  version: 1.0.0
  virtual_path: swift-concurrency-pro
  is_virtual: true
  depth: 2
  resolved_by: AlexW00/apm
  package_type: marketplace_plugin
  deployed_files:
  - .claude/skills/swift-concurrency-pro
  - .claude/skills/swift-concurrency-pro/SKILL.md
  - .claude/skills/swift-concurrency-pro/references/actors.md
  - .claude/skills/swift-concurrency-pro/references/async-streams.md
  - .claude/skills/swift-concurrency-pro/references/bridging.md
  - .claude/skills/swift-concurrency-pro/references/bug-patterns.md
  - .claude/skills/swift-concurrency-pro/references/cancellation.md
  - .claude/skills/swift-concurrency-pro/references/diagnostics.md
  - .claude/skills/swift-concurrency-pro/references/hotspots.md
  - .claude/skills/swift-concurrency-pro/references/interop.md
  - .claude/skills/swift-concurrency-pro/references/new-features.md
  - .claude/skills/swift-concurrency-pro/references/structured.md
  - .claude/skills/swift-concurrency-pro/references/testing.md
  - .claude/skills/swift-concurrency-pro/references/unstructured.md
  deployed_file_hashes:
    .claude/skills/swift-concurrency-pro/SKILL.md: sha256:809362b3e932b3bbf9b3f2f79953bae617573e3e24ea135576bbc1b020d89ce0
    .claude/skills/swift-concurrency-pro/references/actors.md: sha256:7a77a0f06d0040a6813ec02cd4b1360df4bcfa501f93710bfb4296de9911d64f
    .claude/skills/swift-concurrency-pro/references/async-streams.md: sha256:589ba0dad544b28b158702e239fe6a4077b6d1484c83b8fd51290192bf1ffc9a
    .claude/skills/swift-concurrency-pro/references/bridging.md: sha256:c8eb60dcdd90f67cb3b8b1213fc55a56dd5c4a04f465d7aff7fdbd5c451e0498
    .claude/skills/swift-concurrency-pro/references/bug-patterns.md: sha256:2233f58e784a9b6cf13620133485fcf7e3150192a40e713369ebbddc820dec85
    .claude/skills/swift-concurrency-pro/references/cancellation.md: sha256:c83b4134b44ea5a0ee06e785bd0cb85616234469833f9677297b6fcddea1e1fa
    .claude/skills/swift-concurrency-pro/references/diagnostics.md: sha256:cc2debc6f430ed13fc3be3a7ce942e55bb1cf02a9804ebfb272f295b502c9569
    .claude/skills/swift-concurrency-pro/references/hotspots.md: sha256:199a9fa4beea4a550b3f63e07cddd441d72fd41d1e17e6f3255071a661ce1e6d
    .claude/skills/swift-concurrency-pro/references/interop.md: sha256:b86cd716bd22b38d718e86b37b3d7dd1225b5ce93a53f88842ff6993e93ca566
    .claude/skills/swift-concurrency-pro/references/new-features.md: sha256:c721a187b57e9d94112972c9685c57f7129187df2d36add4df1a9c9e9aa9e541
    .claude/skills/swift-concurrency-pro/references/structured.md: sha256:1655b610fd1dafb7cf42b61457ff8229117c06879d0e9cc40460f437ba97895b
    .claude/skills/swift-concurrency-pro/references/testing.md: sha256:4a1fc1aefb572bbdbd75a502a74df795af7e2212eec6836a4f353f9b725abffc
    .claude/skills/swift-concurrency-pro/references/unstructured.md: sha256:d8063edf18bbe5abc9c628548b0100c4dd8defe3340c017d6fa4936eca17c456
  content_hash: sha256:3e1d7ae55e6d4c98d2f0156132fa1b4f245e44cb30587feb7e8725a944349f91
  declared_license: MIT
- repo_url: twostraws/swift-testing-agent-skill
  name: swift-testing-pro
  host: github.com
  resolved_commit: 2d6bba14a3c8bf3694f218b92fffe617c41ae43e
  resolved_ref: 2d6bba14a3c8bf3694f218b92fffe617c41ae43e
  version: 1.0.0
  virtual_path: swift-testing-pro
  is_virtual: true
  depth: 2
  resolved_by: AlexW00/apm
  package_type: marketplace_plugin
  deployed_files:
  - .claude/skills/swift-testing-pro
  - .claude/skills/swift-testing-pro/SKILL.md
  - .claude/skills/swift-testing-pro/references/async-tests.md
  - .claude/skills/swift-testing-pro/references/core-rules.md
  - .claude/skills/swift-testing-pro/references/migrating-from-xctest.md
  - .claude/skills/swift-testing-pro/references/new-features.md
  - .claude/skills/swift-testing-pro/references/writing-better-tests.md
  deployed_file_hashes:
    .claude/skills/swift-testing-pro/SKILL.md: sha256:36e6c3d59bbec2f8b4ce95644df8519f2c66dcbff55138964be4ad9d60c07781
    .claude/skills/swift-testing-pro/references/async-tests.md: sha256:bc6e0eabd10377b5796e9e554a4965a78b7d1aaba8f11021c2a63b6e8a9e669a
    .claude/skills/swift-testing-pro/references/core-rules.md: sha256:2271efdca6c2b7b3365501172147884b6e786bcee7bef680fb4f4718929d6180
    .claude/skills/swift-testing-pro/references/migrating-from-xctest.md: sha256:35b64812402ad1d15b496993e1721daaf4e80672bf9cce47078f772fd271f93f
    .claude/skills/swift-testing-pro/references/new-features.md: sha256:988df5cb556893c789f9aecdc4c8773fdbbda787ab1dad766bf1182a7b9a4819
    .claude/skills/swift-testing-pro/references/writing-better-tests.md: sha256:25da3455f6cec4f10d3dff0bf3e8e1372568c75691916541b4d517f451cb8bf1
  content_hash: sha256:a1ea5889a7f80d4b863cbe3972b2c631cb9b142ec5db1d21027c85d9b429b3fc
  declared_license: MIT
- repo_url: twostraws/swiftdata-agent-skill
  name: swiftdata-agent-skill
  host: github.com
  resolved_commit: 922d989473a9914210b41529a1ac5636aff4b8c1
  resolved_ref: 922d989473a9914210b41529a1ac5636aff4b8c1
  version: unknown
  virtual_path: swiftdata-pro
  is_virtual: true
  depth: 2
  resolved_by: AlexW00/apm
  package_type: claude_skill
  deployed_files:
  - .claude/skills/swiftdata-pro
  - .claude/skills/swiftdata-pro/SKILL.md
  - .claude/skills/swiftdata-pro/agents/openai.yaml
  - .claude/skills/swiftdata-pro/assets/swiftdata-pro-icon.png
  - .claude/skills/swiftdata-pro/assets/swiftdata-pro-icon.svg
  - .claude/skills/swiftdata-pro/references/class-inheritance.md
  - .claude/skills/swiftdata-pro/references/cloudkit.md
  - .claude/skills/swiftdata-pro/references/core-rules.md
  - .claude/skills/swiftdata-pro/references/indexing.md
  - .claude/skills/swiftdata-pro/references/predicates.md
  deployed_file_hashes:
    .claude/skills/swiftdata-pro/SKILL.md: sha256:79164f3bc4942b8ca384057cbe951ca7715aecee4970bea38781d91ddb1c442e
    .claude/skills/swiftdata-pro/agents/openai.yaml: sha256:4293560a9ce8fe893a81c8d64b2b472b47b4c679023ade972f4129636dd406d5
    .claude/skills/swiftdata-pro/assets/swiftdata-pro-icon.png: sha256:6be448484728cd09655bd877e7b450fff8b12839e7fd281f1edc406748ebc51d
    .claude/skills/swiftdata-pro/assets/swiftdata-pro-icon.svg: sha256:876f9b502c4565f51a9ef1e57c15fb0821e3272d28da32d2d42e13ecd9992425
    .claude/skills/swiftdata-pro/references/class-inheritance.md: sha256:05b22c87e9864a47517ba095c9a870dc320f0e6f4cd85ff9f0b54c5ca356a41d
    .claude/skills/swiftdata-pro/references/cloudkit.md: sha256:52a549b1713d55be183b79af595d37729426af0abea36ed05f932b718d8ee11f
    .claude/skills/swiftdata-pro/references/core-rules.md: sha256:8bf45a2af28bfb0648303bb520d3d317d2794b56fcfabe599c4785ccdf02f80a
    .claude/skills/swiftdata-pro/references/indexing.md: sha256:909167e538461bf517f8fc6b00bfe70d1c8ea19b12a4749088823c275de52a82
    .claude/skills/swiftdata-pro/references/predicates.md: sha256:623c3195fccdec0ec95c0291223ced7491025b04e59c0b4f4fe5ffd23eb1019b
  content_hash: sha256:92f7583d57c738cb8ea30f25e08b2c059a8f16f0c4ac455f0cd8c38bdac09b90
- repo_url: twostraws/swiftui-agent-skill
  name: swiftui-pro
  host: github.com
  resolved_commit: be297ff80dddec529af1f9b1f1f114aab6c9d11c
  resolved_ref: be297ff80dddec529af1f9b1f1f114aab6c9d11c
  version: 1.0.0
  virtual_path: swiftui-pro
  is_virtual: true
  depth: 2
  resolved_by: AlexW00/apm
  package_type: marketplace_plugin
  deployed_files:
  - .claude/skills/swiftui-pro
  - .claude/skills/swiftui-pro/SKILL.md
  - .claude/skills/swiftui-pro/references/accessibility.md
  - .claude/skills/swiftui-pro/references/api.md
  - .claude/skills/swiftui-pro/references/data.md
  - .claude/skills/swiftui-pro/references/design.md
  - .claude/skills/swiftui-pro/references/hygiene.md
  - .claude/skills/swiftui-pro/references/navigation.md
  - .claude/skills/swiftui-pro/references/performance.md
  - .claude/skills/swiftui-pro/references/swift.md
  - .claude/skills/swiftui-pro/references/views.md
  deployed_file_hashes:
    .claude/skills/swiftui-pro/SKILL.md: sha256:b8a892d4819494ef79f1db68ffee7a940f20304589ce38032c853dadff168199
    .claude/skills/swiftui-pro/references/accessibility.md: sha256:708d09a35c950fd4c118bbb3cfcab13bb146e7d02084615307bbabc19e00a0e3
    .claude/skills/swiftui-pro/references/api.md: sha256:12fa73d65a19c9d08224f925801db8eec914b1cedf5b2f86a38cdda04a66377a
    .claude/skills/swiftui-pro/references/data.md: sha256:5cc50484c525f748839e12174c065f7ea5fdd4380ce04b6885a906ecd6e6a318
    .claude/skills/swiftui-pro/references/design.md: sha256:03e35d46865cc6807255f3c8481cdbac7b3b0f61924185af84c1913d6c983c69
    .claude/skills/swiftui-pro/references/hygiene.md: sha256:91d96f45f3ffa02f5553c288415f3c3d5f317cab7d8d9c6c60240ea6c44a2b01
    .claude/skills/swiftui-pro/references/navigation.md: sha256:a3adb302455993aff85bbb6b5845ed2fcffa137c8b2ded99c937f3e4b7fcd77b
    .claude/skills/swiftui-pro/references/performance.md: sha256:1b503e3807e216d6b34b45f18bfba89214cea2fa1b88dd7ae8f482ebf0f03616
    .claude/skills/swiftui-pro/references/swift.md: sha256:8c31c5f5f99b3fa9586f0260cd1a4b1688dc7bda5e8de2891eb3f9d6a791125a
    .claude/skills/swiftui-pro/references/views.md: sha256:79a166f6507e86744c0f73cfb583100f61a5da37e313ef4586b3b31136a73627
  content_hash: sha256:43338d56ab22b1f03eee1f2d6e72e08e5f1a3b70b9f4146849ab37a5156fb94d
  declared_license: MIT
